// !$*UTF8*$!
{
	archiveVersion = 1;
	classes = {
	};
	objectVersion = 50;
	objects = {

/* Begin PBXBuildFile section */
		28DB19478B798FAEA3C909E3 /* Pods_Calendarly.framework in Frameworks */ = {isa = PBXBuildFile; fileRef = 15FADF50770BD4D9A30DF8BF /* Pods_Calendarly.framework */; };
		C41A90D921648DF100352940 /* NSManagedObjectContext+Extension.swift in Sources */ = {isa = PBXBuildFile; fileRef = C41A90D821648DF100352940 /* NSManagedObjectContext+Extension.swift */; };
		C41B15F9218D9212001C3E1E /* ChampagneView.caar in Resources */ = {isa = PBXBuildFile; fileRef = C41B15F8218D9212001C3E1E /* ChampagneView.caar */; };
		C41B15FD218D9263001C3E1E /* ChampagneView.swift in Sources */ = {isa = PBXBuildFile; fileRef = C41B15FC218D9263001C3E1E /* ChampagneView.swift */; };
		C41B15FF218D92AB001C3E1E /* ChampagneViewBLTNItem.swift in Sources */ = {isa = PBXBuildFile; fileRef = C41B15FE218D92AB001C3E1E /* ChampagneViewBLTNItem.swift */; };
		C41B1625218EF693001C3E1E /* Montserrat-Black.ttf in Resources */ = {isa = PBXBuildFile; fileRef = C41B1618218EF677001C3E1E /* Montserrat-Black.ttf */; };
		C41B1626218EF693001C3E1E /* Montserrat-BlackItalic.ttf in Resources */ = {isa = PBXBuildFile; fileRef = C41B1614218EF676001C3E1E /* Montserrat-BlackItalic.ttf */; };
		C41B1627218EF693001C3E1E /* Montserrat-Bold.ttf in Resources */ = {isa = PBXBuildFile; fileRef = C41B1620218EF678001C3E1E /* Montserrat-Bold.ttf */; };
		C41B1628218EF693001C3E1E /* Montserrat-BoldItalic.ttf in Resources */ = {isa = PBXBuildFile; fileRef = C41B1610218EF676001C3E1E /* Montserrat-BoldItalic.ttf */; };
		C41B1629218EF693001C3E1E /* Montserrat-ExtraBold.ttf in Resources */ = {isa = PBXBuildFile; fileRef = C41B1619218EF677001C3E1E /* Montserrat-ExtraBold.ttf */; };
		C41B162A218EF693001C3E1E /* Montserrat-ExtraBoldItalic.ttf in Resources */ = {isa = PBXBuildFile; fileRef = C41B161D218EF677001C3E1E /* Montserrat-ExtraBoldItalic.ttf */; };
		C41B162B218EF693001C3E1E /* Montserrat-ExtraLight.ttf in Resources */ = {isa = PBXBuildFile; fileRef = C41B160D218EF675001C3E1E /* Montserrat-ExtraLight.ttf */; };
		C41B162C218EF693001C3E1E /* Montserrat-ExtraLightItalic.ttf in Resources */ = {isa = PBXBuildFile; fileRef = C41B161E218EF677001C3E1E /* Montserrat-ExtraLightItalic.ttf */; };
		C41B162D218EF693001C3E1E /* Montserrat-Italic.ttf in Resources */ = {isa = PBXBuildFile; fileRef = C41B1621218EF678001C3E1E /* Montserrat-Italic.ttf */; };
		C41B162E218EF693001C3E1E /* Montserrat-Light.ttf in Resources */ = {isa = PBXBuildFile; fileRef = C41B1617218EF676001C3E1E /* Montserrat-Light.ttf */; };
		C41B162F218EF693001C3E1E /* Montserrat-LightItalic.ttf in Resources */ = {isa = PBXBuildFile; fileRef = C41B1622218EF678001C3E1E /* Montserrat-LightItalic.ttf */; };
		C41B1630218EF693001C3E1E /* Montserrat-Medium.ttf in Resources */ = {isa = PBXBuildFile; fileRef = C41B161F218EF677001C3E1E /* Montserrat-Medium.ttf */; };
		C41B1631218EF693001C3E1E /* Montserrat-MediumItalic.ttf in Resources */ = {isa = PBXBuildFile; fileRef = C41B1615218EF676001C3E1E /* Montserrat-MediumItalic.ttf */; };
		C41B1632218EF693001C3E1E /* Montserrat-Regular.ttf in Resources */ = {isa = PBXBuildFile; fileRef = C41B160E218EF676001C3E1E /* Montserrat-Regular.ttf */; };
		C41B1633218EF693001C3E1E /* Montserrat-SemiBold.ttf in Resources */ = {isa = PBXBuildFile; fileRef = C41B1612218EF676001C3E1E /* Montserrat-SemiBold.ttf */; };
		C41B1634218EF693001C3E1E /* Montserrat-SemiBoldItalic.ttf in Resources */ = {isa = PBXBuildFile; fileRef = C41B1611218EF676001C3E1E /* Montserrat-SemiBoldItalic.ttf */; };
		C41B1635218EF693001C3E1E /* Montserrat-Thin.ttf in Resources */ = {isa = PBXBuildFile; fileRef = C41B1613218EF676001C3E1E /* Montserrat-Thin.ttf */; };
		C41B1636218EF693001C3E1E /* Montserrat-ThinItalic.ttf in Resources */ = {isa = PBXBuildFile; fileRef = C41B1616218EF676001C3E1E /* Montserrat-ThinItalic.ttf */; };
		C41B1637218EF693001C3E1E /* Oswald-Bold.ttf in Resources */ = {isa = PBXBuildFile; fileRef = C41B160F218EF676001C3E1E /* Oswald-Bold.ttf */; };
		C41B1638218EF693001C3E1E /* Oswald-ExtraLight.ttf in Resources */ = {isa = PBXBuildFile; fileRef = C41B161A218EF677001C3E1E /* Oswald-ExtraLight.ttf */; };
		C41B1639218EF694001C3E1E /* Oswald-Light.ttf in Resources */ = {isa = PBXBuildFile; fileRef = C41B1623218EF678001C3E1E /* Oswald-Light.ttf */; };
		C41B163A218EF694001C3E1E /* Oswald-Medium.ttf in Resources */ = {isa = PBXBuildFile; fileRef = C41B161C218EF677001C3E1E /* Oswald-Medium.ttf */; };
		C41B163B218EF694001C3E1E /* Oswald-Regular.ttf in Resources */ = {isa = PBXBuildFile; fileRef = C41B1624218EF678001C3E1E /* Oswald-Regular.ttf */; };
		C41B163C218EF694001C3E1E /* Oswald-SemiBold.ttf in Resources */ = {isa = PBXBuildFile; fileRef = C41B161B218EF677001C3E1E /* Oswald-SemiBold.ttf */; };
		C41B163E218F6B06001C3E1E /* Event+Extension.swift in Sources */ = {isa = PBXBuildFile; fileRef = C41B163D218F6B06001C3E1E /* Event+Extension.swift */; };
		C41B1640218F89D9001C3E1E /* OccuranceSelectorBulletinPage.swift in Sources */ = {isa = PBXBuildFile; fileRef = C41B163F218F89D9001C3E1E /* OccuranceSelectorBulletinPage.swift */; };
		C41B1642219052CF001C3E1E /* EventCell.swift in Sources */ = {isa = PBXBuildFile; fileRef = C41B1641219052CF001C3E1E /* EventCell.swift */; };
		C445EF782178766E00851939 /* HeaderStylePickerViewController.swift in Sources */ = {isa = PBXBuildFile; fileRef = C445EF772178766E00851939 /* HeaderStylePickerViewController.swift */; };
		C445EF7A2178779F00851939 /* ColorPickerViewController.swift in Sources */ = {isa = PBXBuildFile; fileRef = C445EF792178779F00851939 /* ColorPickerViewController.swift */; };
		C445EF8021799E5000851939 /* CalendarCollectionViewCell.swift in Sources */ = {isa = PBXBuildFile; fileRef = C445EF7F21799E5000851939 /* CalendarCollectionViewCell.swift */; };
		C445EF842179C3D300851939 /* BirthdaysViewController.swift in Sources */ = {isa = PBXBuildFile; fileRef = C445EF832179C3D300851939 /* BirthdaysViewController.swift */; };
		C445EF88217A091100851939 /* PageViewControllerChild.swift in Sources */ = {isa = PBXBuildFile; fileRef = C445EF87217A091100851939 /* PageViewControllerChild.swift */; };
		C445EF8A217A21A400851939 /* ContactListViewController.swift in Sources */ = {isa = PBXBuildFile; fileRef = C445EF89217A21A400851939 /* ContactListViewController.swift */; };
		C445EF8C217A410C00851939 /* ContactCell.swift in Sources */ = {isa = PBXBuildFile; fileRef = C445EF8B217A410C00851939 /* ContactCell.swift */; };
		C445EF8F217AF92900851939 /* FetchedResultController.swift in Sources */ = {isa = PBXBuildFile; fileRef = C445EF8E217AF92900851939 /* FetchedResultController.swift */; };
		C445EF94217B1D8E00851939 /* CAAnimation+Extension.swift in Sources */ = {isa = PBXBuildFile; fileRef = C445EF93217B1D8E00851939 /* CAAnimation+Extension.swift */; };
		C445EF97217B40F800851939 /* ContactModel.swift in Sources */ = {isa = PBXBuildFile; fileRef = C445EF96217B40F800851939 /* ContactModel.swift */; };
		C445EF9A217B413C00851939 /* BirthdayListViewController.swift in Sources */ = {isa = PBXBuildFile; fileRef = C445EF99217B413C00851939 /* BirthdayListViewController.swift */; };
		C445EF9D217B41D700851939 /* BirthdayCell.swift in Sources */ = {isa = PBXBuildFile; fileRef = C445EF9C217B41D700851939 /* BirthdayCell.swift */; };
		C445EF9F217B656900851939 /* BirthdaysPageViewController.swift in Sources */ = {isa = PBXBuildFile; fileRef = C445EF9E217B656900851939 /* BirthdaysPageViewController.swift */; };
		C445EFA2217B846900851939 /* ProfileImageView.swift in Sources */ = {isa = PBXBuildFile; fileRef = C445EFA1217B846900851939 /* ProfileImageView.swift */; };
		C445EFA6217DB8C500851939 /* ContactButton.swift in Sources */ = {isa = PBXBuildFile; fileRef = C445EFA5217DB8C500851939 /* ContactButton.swift */; };
		C445EFA82183054400851939 /* Birthday+Extension.swift in Sources */ = {isa = PBXBuildFile; fileRef = C445EFA72183054400851939 /* Birthday+Extension.swift */; };
		C445EFAA218305A600851939 /* CalendarEvent.swift in Sources */ = {isa = PBXBuildFile; fileRef = C445EFA9218305A600851939 /* CalendarEvent.swift */; };
		C445EFAC2184D8DA00851939 /* Contact+Extension.swift in Sources */ = {isa = PBXBuildFile; fileRef = C445EFAB2184D8DA00851939 /* Contact+Extension.swift */; };
		C445EFB021871EFE00851939 /* DatePickerBLTItem.swift in Sources */ = {isa = PBXBuildFile; fileRef = C445EFAF21871EFE00851939 /* DatePickerBLTItem.swift */; };
		C445EFB22188691D00851939 /* EventsViewController.swift in Sources */ = {isa = PBXBuildFile; fileRef = C445EFB12188691D00851939 /* EventsViewController.swift */; };
		C445EFB52188FE5F00851939 /* CakeView.swift in Sources */ = {isa = PBXBuildFile; fileRef = C445EFB42188FE5F00851939 /* CakeView.swift */; };
		C445EFEE218A251100851939 /* CakeViewBLTNItem.swift in Sources */ = {isa = PBXBuildFile; fileRef = C445EFED218A251100851939 /* CakeViewBLTNItem.swift */; };
		C455CB75218A434B005B2C26 /* CakeView.caar in Resources */ = {isa = PBXBuildFile; fileRef = C455CB74218A434B005B2C26 /* CakeView.caar */; };
		C46B63CA215BAF50009EB4C4 /* FontPickerViewController.swift in Sources */ = {isa = PBXBuildFile; fileRef = C46B63C9215BAF50009EB4C4 /* FontPickerViewController.swift */; };
		C46B63CC215BDBED009EB4C4 /* StartViewController.swift in Sources */ = {isa = PBXBuildFile; fileRef = C46B63CB215BDBED009EB4C4 /* StartViewController.swift */; };
		C46B63CE215CBBEB009EB4C4 /* DesignsViewController.swift in Sources */ = {isa = PBXBuildFile; fileRef = C46B63CD215CBBEB009EB4C4 /* DesignsViewController.swift */; };
		C46B63D0215CF928009EB4C4 /* UIView+Extension.swift in Sources */ = {isa = PBXBuildFile; fileRef = C46B63CF215CF928009EB4C4 /* UIView+Extension.swift */; };
		C46B63D4215D00EC009EB4C4 /* DesignsCollectionView.swift in Sources */ = {isa = PBXBuildFile; fileRef = C46B63D3215D00EC009EB4C4 /* DesignsCollectionView.swift */; };
		C4A53B402163E46600EE16FA /* Design+Extension.swift in Sources */ = {isa = PBXBuildFile; fileRef = C4A53B3F2163E46600EE16FA /* Design+Extension.swift */; };
		C4C086B7214E4BA80019F6B8 /* AppDelegate.swift in Sources */ = {isa = PBXBuildFile; fileRef = C4C086B6214E4BA80019F6B8 /* AppDelegate.swift */; };
		C4C086B9214E4BA80019F6B8 /* DesignViewController.swift in Sources */ = {isa = PBXBuildFile; fileRef = C4C086B8214E4BA80019F6B8 /* DesignViewController.swift */; };
		C4C086BF214E4BA80019F6B8 /* Calendarly.xcdatamodeld in Sources */ = {isa = PBXBuildFile; fileRef = C4C086BD214E4BA80019F6B8 /* Calendarly.xcdatamodeld */; };
		C4C086C1214E4BAA0019F6B8 /* Assets.xcassets in Resources */ = {isa = PBXBuildFile; fileRef = C4C086C0214E4BAA0019F6B8 /* Assets.xcassets */; };
		C4C086C4214E4BAA0019F6B8 /* LaunchScreen.storyboard in Resources */ = {isa = PBXBuildFile; fileRef = C4C086C2214E4BAA0019F6B8 /* LaunchScreen.storyboard */; };
		C4C086CF214E4BAA0019F6B8 /* CalendarlyTests.swift in Sources */ = {isa = PBXBuildFile; fileRef = C4C086CE214E4BAA0019F6B8 /* CalendarlyTests.swift */; };
		C4C086DF215226CA0019F6B8 /* Calendar+Extension.swift in Sources */ = {isa = PBXBuildFile; fileRef = C4C086DE215226CA0019F6B8 /* Calendar+Extension.swift */; };
		C4C086E12152273D0019F6B8 /* String+Extension.swift in Sources */ = {isa = PBXBuildFile; fileRef = C4C086E02152273D0019F6B8 /* String+Extension.swift */; };
		C4C086ED215229B80019F6B8 /* CGSize+PaperSizes.swift in Sources */ = {isa = PBXBuildFile; fileRef = C4C086EC215229B80019F6B8 /* CGSize+PaperSizes.swift */; };
		C4C086F221527D610019F6B8 /* CalendarStylerViewController.swift in Sources */ = {isa = PBXBuildFile; fileRef = C4C086F121527D610019F6B8 /* CalendarStylerViewController.swift */; };
		C4C086F521529E0C0019F6B8 /* LocalePickerViewController.swift in Sources */ = {isa = PBXBuildFile; fileRef = C4C086F421529E0C0019F6B8 /* LocalePickerViewController.swift */; };
		C4C086FB215A1D330019F6B8 /* Locale+Extension.swift in Sources */ = {isa = PBXBuildFile; fileRef = C4C086FA215A1D330019F6B8 /* Locale+Extension.swift */; };
		C4C086FD215A21680019F6B8 /* UIColor+Extension.swift in Sources */ = {isa = PBXBuildFile; fileRef = C4C086FC215A21680019F6B8 /* UIColor+Extension.swift */; };
		C4C1A0CB21663C13001CDEF8 /* TextFieldBulletinPage.swift in Sources */ = {isa = PBXBuildFile; fileRef = C4C1A0CA21663C13001CDEF8 /* TextFieldBulletinPage.swift */; };
		C4C1A0CD21663C23001CDEF8 /* YearPickerBLTNItem.swift in Sources */ = {isa = PBXBuildFile; fileRef = C4C1A0CC21663C23001CDEF8 /* YearPickerBLTNItem.swift */; };
		C4C1A0CF21663C64001CDEF8 /* FeedbackPageBLTNItem.swift in Sources */ = {isa = PBXBuildFile; fileRef = C4C1A0CE21663C64001CDEF8 /* FeedbackPageBLTNItem.swift */; };
		C4C1A0D121663CCF001CDEF8 /* SelectionFeedbackGenerator.swift in Sources */ = {isa = PBXBuildFile; fileRef = C4C1A0D021663CCF001CDEF8 /* SelectionFeedbackGenerator.swift */; };
		C4C1A104216660E0001CDEF8 /* CalendarView.swift in Sources */ = {isa = PBXBuildFile; fileRef = C4C1A103216660E0001CDEF8 /* CalendarView.swift */; };
		C4C1A1062167D690001CDEF8 /* Environment.swift in Sources */ = {isa = PBXBuildFile; fileRef = C4C1A1052167D690001CDEF8 /* Environment.swift */; };
		C4C1A109216A248B001CDEF8 /* FontsizeCell.swift in Sources */ = {isa = PBXBuildFile; fileRef = C4C1A108216A248B001CDEF8 /* FontsizeCell.swift */; };
		D640355E63040C9F61517B22 /* Pods_CalendarlyTests.framework in Frameworks */ = {isa = PBXBuildFile; fileRef = 5F029D770CDD661AF8A7DC57 /* Pods_CalendarlyTests.framework */; };
/* End PBXBuildFile section */

/* Begin PBXContainerItemProxy section */
		C4C086CB214E4BAA0019F6B8 /* PBXContainerItemProxy */ = {
			isa = PBXContainerItemProxy;
			containerPortal = C4C086AB214E4BA80019F6B8 /* Project object */;
			proxyType = 1;
			remoteGlobalIDString = C4C086B2214E4BA80019F6B8;
			remoteInfo = Calendarly;
		};
/* End PBXContainerItemProxy section */

/* Begin PBXFileReference section */
		15FADF50770BD4D9A30DF8BF /* Pods_Calendarly.framework */ = {isa = PBXFileReference; explicitFileType = wrapper.framework; includeInIndex = 0; path = Pods_Calendarly.framework; sourceTree = BUILT_PRODUCTS_DIR; };
		1E9516F3A79DC2B9D8BFC1F2 /* Pods-Calendarly.release.xcconfig */ = {isa = PBXFileReference; includeInIndex = 1; lastKnownFileType = text.xcconfig; name = "Pods-Calendarly.release.xcconfig"; path = "Pods/Target Support Files/Pods-Calendarly/Pods-Calendarly.release.xcconfig"; sourceTree = "<group>"; };
		5F029D770CDD661AF8A7DC57 /* Pods_CalendarlyTests.framework */ = {isa = PBXFileReference; explicitFileType = wrapper.framework; includeInIndex = 0; path = Pods_CalendarlyTests.framework; sourceTree = BUILT_PRODUCTS_DIR; };
		B57D777F6C029A312EE2BDB9 /* Pods-CalendarlyTests.debug.xcconfig */ = {isa = PBXFileReference; includeInIndex = 1; lastKnownFileType = text.xcconfig; name = "Pods-CalendarlyTests.debug.xcconfig"; path = "Pods/Target Support Files/Pods-CalendarlyTests/Pods-CalendarlyTests.debug.xcconfig"; sourceTree = "<group>"; };
		BB17E428FBD9C71CFD97C1AC /* Pods-Calendarly.debug.xcconfig */ = {isa = PBXFileReference; includeInIndex = 1; lastKnownFileType = text.xcconfig; name = "Pods-Calendarly.debug.xcconfig"; path = "Pods/Target Support Files/Pods-Calendarly/Pods-Calendarly.debug.xcconfig"; sourceTree = "<group>"; };
		C41A90D821648DF100352940 /* NSManagedObjectContext+Extension.swift */ = {isa = PBXFileReference; lastKnownFileType = sourcecode.swift; path = "NSManagedObjectContext+Extension.swift"; sourceTree = "<group>"; };
		C41B15F8218D9212001C3E1E /* ChampagneView.caar */ = {isa = PBXFileReference; lastKnownFileType = file.bplist; path = ChampagneView.caar; sourceTree = "<group>"; };
		C41B15FC218D9263001C3E1E /* ChampagneView.swift */ = {isa = PBXFileReference; fileEncoding = 4; lastKnownFileType = sourcecode.swift; path = ChampagneView.swift; sourceTree = "<group>"; };
		C41B15FE218D92AB001C3E1E /* ChampagneViewBLTNItem.swift */ = {isa = PBXFileReference; fileEncoding = 4; lastKnownFileType = sourcecode.swift; path = ChampagneViewBLTNItem.swift; sourceTree = "<group>"; };
		C41B160D218EF675001C3E1E /* Montserrat-ExtraLight.ttf */ = {isa = PBXFileReference; lastKnownFileType = file; path = "Montserrat-ExtraLight.ttf"; sourceTree = "<group>"; };
		C41B160E218EF676001C3E1E /* Montserrat-Regular.ttf */ = {isa = PBXFileReference; lastKnownFileType = file; path = "Montserrat-Regular.ttf"; sourceTree = "<group>"; };
		C41B160F218EF676001C3E1E /* Oswald-Bold.ttf */ = {isa = PBXFileReference; lastKnownFileType = file; path = "Oswald-Bold.ttf"; sourceTree = "<group>"; };
		C41B1610218EF676001C3E1E /* Montserrat-BoldItalic.ttf */ = {isa = PBXFileReference; lastKnownFileType = file; path = "Montserrat-BoldItalic.ttf"; sourceTree = "<group>"; };
		C41B1611218EF676001C3E1E /* Montserrat-SemiBoldItalic.ttf */ = {isa = PBXFileReference; lastKnownFileType = file; path = "Montserrat-SemiBoldItalic.ttf"; sourceTree = "<group>"; };
		C41B1612218EF676001C3E1E /* Montserrat-SemiBold.ttf */ = {isa = PBXFileReference; lastKnownFileType = file; path = "Montserrat-SemiBold.ttf"; sourceTree = "<group>"; };
		C41B1613218EF676001C3E1E /* Montserrat-Thin.ttf */ = {isa = PBXFileReference; lastKnownFileType = file; path = "Montserrat-Thin.ttf"; sourceTree = "<group>"; };
		C41B1614218EF676001C3E1E /* Montserrat-BlackItalic.ttf */ = {isa = PBXFileReference; lastKnownFileType = file; path = "Montserrat-BlackItalic.ttf"; sourceTree = "<group>"; };
		C41B1615218EF676001C3E1E /* Montserrat-MediumItalic.ttf */ = {isa = PBXFileReference; lastKnownFileType = file; path = "Montserrat-MediumItalic.ttf"; sourceTree = "<group>"; };
		C41B1616218EF676001C3E1E /* Montserrat-ThinItalic.ttf */ = {isa = PBXFileReference; lastKnownFileType = file; path = "Montserrat-ThinItalic.ttf"; sourceTree = "<group>"; };
		C41B1617218EF676001C3E1E /* Montserrat-Light.ttf */ = {isa = PBXFileReference; lastKnownFileType = file; path = "Montserrat-Light.ttf"; sourceTree = "<group>"; };
		C41B1618218EF677001C3E1E /* Montserrat-Black.ttf */ = {isa = PBXFileReference; lastKnownFileType = file; path = "Montserrat-Black.ttf"; sourceTree = "<group>"; };
		C41B1619218EF677001C3E1E /* Montserrat-ExtraBold.ttf */ = {isa = PBXFileReference; lastKnownFileType = file; path = "Montserrat-ExtraBold.ttf"; sourceTree = "<group>"; };
		C41B161A218EF677001C3E1E /* Oswald-ExtraLight.ttf */ = {isa = PBXFileReference; lastKnownFileType = file; path = "Oswald-ExtraLight.ttf"; sourceTree = "<group>"; };
		C41B161B218EF677001C3E1E /* Oswald-SemiBold.ttf */ = {isa = PBXFileReference; lastKnownFileType = file; path = "Oswald-SemiBold.ttf"; sourceTree = "<group>"; };
		C41B161C218EF677001C3E1E /* Oswald-Medium.ttf */ = {isa = PBXFileReference; lastKnownFileType = file; path = "Oswald-Medium.ttf"; sourceTree = "<group>"; };
		C41B161D218EF677001C3E1E /* Montserrat-ExtraBoldItalic.ttf */ = {isa = PBXFileReference; lastKnownFileType = file; path = "Montserrat-ExtraBoldItalic.ttf"; sourceTree = "<group>"; };
		C41B161E218EF677001C3E1E /* Montserrat-ExtraLightItalic.ttf */ = {isa = PBXFileReference; lastKnownFileType = file; path = "Montserrat-ExtraLightItalic.ttf"; sourceTree = "<group>"; };
		C41B161F218EF677001C3E1E /* Montserrat-Medium.ttf */ = {isa = PBXFileReference; lastKnownFileType = file; path = "Montserrat-Medium.ttf"; sourceTree = "<group>"; };
		C41B1620218EF678001C3E1E /* Montserrat-Bold.ttf */ = {isa = PBXFileReference; lastKnownFileType = file; path = "Montserrat-Bold.ttf"; sourceTree = "<group>"; };
		C41B1621218EF678001C3E1E /* Montserrat-Italic.ttf */ = {isa = PBXFileReference; lastKnownFileType = file; path = "Montserrat-Italic.ttf"; sourceTree = "<group>"; };
		C41B1622218EF678001C3E1E /* Montserrat-LightItalic.ttf */ = {isa = PBXFileReference; lastKnownFileType = file; path = "Montserrat-LightItalic.ttf"; sourceTree = "<group>"; };
		C41B1623218EF678001C3E1E /* Oswald-Light.ttf */ = {isa = PBXFileReference; lastKnownFileType = file; path = "Oswald-Light.ttf"; sourceTree = "<group>"; };
		C41B1624218EF678001C3E1E /* Oswald-Regular.ttf */ = {isa = PBXFileReference; lastKnownFileType = file; path = "Oswald-Regular.ttf"; sourceTree = "<group>"; };
		C41B163D218F6B06001C3E1E /* Event+Extension.swift */ = {isa = PBXFileReference; lastKnownFileType = sourcecode.swift; path = "Event+Extension.swift"; sourceTree = "<group>"; };
		C41B163F218F89D9001C3E1E /* OccuranceSelectorBulletinPage.swift */ = {isa = PBXFileReference; lastKnownFileType = sourcecode.swift; path = OccuranceSelectorBulletinPage.swift; sourceTree = "<group>"; };
		C41B1641219052CF001C3E1E /* EventCell.swift */ = {isa = PBXFileReference; lastKnownFileType = sourcecode.swift; path = EventCell.swift; sourceTree = "<group>"; };
		C445EF772178766E00851939 /* HeaderStylePickerViewController.swift */ = {isa = PBXFileReference; lastKnownFileType = sourcecode.swift; path = HeaderStylePickerViewController.swift; sourceTree = "<group>"; };
		C445EF792178779F00851939 /* ColorPickerViewController.swift */ = {isa = PBXFileReference; lastKnownFileType = sourcecode.swift; path = ColorPickerViewController.swift; sourceTree = "<group>"; };
		C445EF7F21799E5000851939 /* CalendarCollectionViewCell.swift */ = {isa = PBXFileReference; lastKnownFileType = sourcecode.swift; path = CalendarCollectionViewCell.swift; sourceTree = "<group>"; };
		C445EF832179C3D300851939 /* BirthdaysViewController.swift */ = {isa = PBXFileReference; lastKnownFileType = sourcecode.swift; path = BirthdaysViewController.swift; sourceTree = "<group>"; };
		C445EF87217A091100851939 /* PageViewControllerChild.swift */ = {isa = PBXFileReference; lastKnownFileType = sourcecode.swift; path = PageViewControllerChild.swift; sourceTree = "<group>"; };
		C445EF89217A21A400851939 /* ContactListViewController.swift */ = {isa = PBXFileReference; lastKnownFileType = sourcecode.swift; path = ContactListViewController.swift; sourceTree = "<group>"; };
		C445EF8B217A410C00851939 /* ContactCell.swift */ = {isa = PBXFileReference; lastKnownFileType = sourcecode.swift; path = ContactCell.swift; sourceTree = "<group>"; };
		C445EF8E217AF92900851939 /* FetchedResultController.swift */ = {isa = PBXFileReference; lastKnownFileType = sourcecode.swift; path = FetchedResultController.swift; sourceTree = "<group>"; };
		C445EF93217B1D8E00851939 /* CAAnimation+Extension.swift */ = {isa = PBXFileReference; lastKnownFileType = sourcecode.swift; path = "CAAnimation+Extension.swift"; sourceTree = "<group>"; };
		C445EF96217B40F800851939 /* ContactModel.swift */ = {isa = PBXFileReference; lastKnownFileType = sourcecode.swift; path = ContactModel.swift; sourceTree = "<group>"; };
		C445EF99217B413C00851939 /* BirthdayListViewController.swift */ = {isa = PBXFileReference; lastKnownFileType = sourcecode.swift; path = BirthdayListViewController.swift; sourceTree = "<group>"; };
		C445EF9C217B41D700851939 /* BirthdayCell.swift */ = {isa = PBXFileReference; lastKnownFileType = sourcecode.swift; path = BirthdayCell.swift; sourceTree = "<group>"; };
		C445EF9E217B656900851939 /* BirthdaysPageViewController.swift */ = {isa = PBXFileReference; lastKnownFileType = sourcecode.swift; path = BirthdaysPageViewController.swift; sourceTree = "<group>"; };
		C445EFA1217B846900851939 /* ProfileImageView.swift */ = {isa = PBXFileReference; lastKnownFileType = sourcecode.swift; path = ProfileImageView.swift; sourceTree = "<group>"; };
		C445EFA5217DB8C500851939 /* ContactButton.swift */ = {isa = PBXFileReference; lastKnownFileType = sourcecode.swift; path = ContactButton.swift; sourceTree = "<group>"; };
		C445EFA72183054400851939 /* Birthday+Extension.swift */ = {isa = PBXFileReference; lastKnownFileType = sourcecode.swift; path = "Birthday+Extension.swift"; sourceTree = "<group>"; };
		C445EFA9218305A600851939 /* CalendarEvent.swift */ = {isa = PBXFileReference; lastKnownFileType = sourcecode.swift; path = CalendarEvent.swift; sourceTree = "<group>"; };
		C445EFAB2184D8DA00851939 /* Contact+Extension.swift */ = {isa = PBXFileReference; lastKnownFileType = sourcecode.swift; path = "Contact+Extension.swift"; sourceTree = "<group>"; };
		C445EFAF21871EFE00851939 /* DatePickerBLTItem.swift */ = {isa = PBXFileReference; lastKnownFileType = sourcecode.swift; path = DatePickerBLTItem.swift; sourceTree = "<group>"; };
		C445EFB12188691D00851939 /* EventsViewController.swift */ = {isa = PBXFileReference; lastKnownFileType = sourcecode.swift; path = EventsViewController.swift; sourceTree = "<group>"; };
		C445EFB42188FE5F00851939 /* CakeView.swift */ = {isa = PBXFileReference; lastKnownFileType = sourcecode.swift; path = CakeView.swift; sourceTree = "<group>"; };
		C445EFED218A251100851939 /* CakeViewBLTNItem.swift */ = {isa = PBXFileReference; lastKnownFileType = sourcecode.swift; path = CakeViewBLTNItem.swift; sourceTree = "<group>"; };
		C455CB74218A434B005B2C26 /* CakeView.caar */ = {isa = PBXFileReference; lastKnownFileType = file.bplist; path = CakeView.caar; sourceTree = "<group>"; };
		C46B63C9215BAF50009EB4C4 /* FontPickerViewController.swift */ = {isa = PBXFileReference; fileEncoding = 4; lastKnownFileType = sourcecode.swift; path = FontPickerViewController.swift; sourceTree = "<group>"; };
		C46B63CB215BDBED009EB4C4 /* StartViewController.swift */ = {isa = PBXFileReference; lastKnownFileType = sourcecode.swift; path = StartViewController.swift; sourceTree = "<group>"; };
		C46B63CD215CBBEB009EB4C4 /* DesignsViewController.swift */ = {isa = PBXFileReference; lastKnownFileType = sourcecode.swift; path = DesignsViewController.swift; sourceTree = "<group>"; };
		C46B63CF215CF928009EB4C4 /* UIView+Extension.swift */ = {isa = PBXFileReference; lastKnownFileType = sourcecode.swift; path = "UIView+Extension.swift"; sourceTree = "<group>"; };
		C46B63D3215D00EC009EB4C4 /* DesignsCollectionView.swift */ = {isa = PBXFileReference; lastKnownFileType = sourcecode.swift; path = DesignsCollectionView.swift; sourceTree = "<group>"; };
		C4A53B3F2163E46600EE16FA /* Design+Extension.swift */ = {isa = PBXFileReference; lastKnownFileType = sourcecode.swift; path = "Design+Extension.swift"; sourceTree = "<group>"; };
		C4C086B3214E4BA80019F6B8 /* Calendarly.app */ = {isa = PBXFileReference; explicitFileType = wrapper.application; includeInIndex = 0; path = Calendarly.app; sourceTree = BUILT_PRODUCTS_DIR; };
		C4C086B6214E4BA80019F6B8 /* AppDelegate.swift */ = {isa = PBXFileReference; lastKnownFileType = sourcecode.swift; path = AppDelegate.swift; sourceTree = "<group>"; };
		C4C086B8214E4BA80019F6B8 /* DesignViewController.swift */ = {isa = PBXFileReference; lastKnownFileType = sourcecode.swift; path = DesignViewController.swift; sourceTree = "<group>"; };
		C4C086BE214E4BA80019F6B8 /* Calendarly.xcdatamodel */ = {isa = PBXFileReference; lastKnownFileType = wrapper.xcdatamodel; path = Calendarly.xcdatamodel; sourceTree = "<group>"; };
		C4C086C0214E4BAA0019F6B8 /* Assets.xcassets */ = {isa = PBXFileReference; lastKnownFileType = folder.assetcatalog; path = Assets.xcassets; sourceTree = "<group>"; };
		C4C086C3214E4BAA0019F6B8 /* Base */ = {isa = PBXFileReference; lastKnownFileType = file.storyboard; name = Base; path = Base.lproj/LaunchScreen.storyboard; sourceTree = "<group>"; };
		C4C086C5214E4BAA0019F6B8 /* Info.plist */ = {isa = PBXFileReference; lastKnownFileType = text.plist.xml; path = Info.plist; sourceTree = "<group>"; };
		C4C086CA214E4BAA0019F6B8 /* CalendarlyTests.xctest */ = {isa = PBXFileReference; explicitFileType = wrapper.cfbundle; includeInIndex = 0; path = CalendarlyTests.xctest; sourceTree = BUILT_PRODUCTS_DIR; };
		C4C086CE214E4BAA0019F6B8 /* CalendarlyTests.swift */ = {isa = PBXFileReference; lastKnownFileType = sourcecode.swift; path = CalendarlyTests.swift; sourceTree = "<group>"; };
		C4C086D0214E4BAA0019F6B8 /* Info.plist */ = {isa = PBXFileReference; lastKnownFileType = text.plist.xml; path = Info.plist; sourceTree = "<group>"; };
		C4C086DE215226CA0019F6B8 /* Calendar+Extension.swift */ = {isa = PBXFileReference; lastKnownFileType = sourcecode.swift; path = "Calendar+Extension.swift"; sourceTree = "<group>"; };
		C4C086E02152273D0019F6B8 /* String+Extension.swift */ = {isa = PBXFileReference; lastKnownFileType = sourcecode.swift; path = "String+Extension.swift"; sourceTree = "<group>"; };
		C4C086EC215229B80019F6B8 /* CGSize+PaperSizes.swift */ = {isa = PBXFileReference; lastKnownFileType = sourcecode.swift; path = "CGSize+PaperSizes.swift"; sourceTree = "<group>"; };
		C4C086F121527D610019F6B8 /* CalendarStylerViewController.swift */ = {isa = PBXFileReference; lastKnownFileType = sourcecode.swift; path = CalendarStylerViewController.swift; sourceTree = "<group>"; };
		C4C086F421529E0C0019F6B8 /* LocalePickerViewController.swift */ = {isa = PBXFileReference; lastKnownFileType = sourcecode.swift; path = LocalePickerViewController.swift; sourceTree = "<group>"; };
		C4C086FA215A1D330019F6B8 /* Locale+Extension.swift */ = {isa = PBXFileReference; lastKnownFileType = sourcecode.swift; path = "Locale+Extension.swift"; sourceTree = "<group>"; };
		C4C086FC215A21680019F6B8 /* UIColor+Extension.swift */ = {isa = PBXFileReference; lastKnownFileType = sourcecode.swift; path = "UIColor+Extension.swift"; sourceTree = "<group>"; };
		C4C1A0CA21663C13001CDEF8 /* TextFieldBulletinPage.swift */ = {isa = PBXFileReference; lastKnownFileType = sourcecode.swift; path = TextFieldBulletinPage.swift; sourceTree = "<group>"; };
		C4C1A0CC21663C23001CDEF8 /* YearPickerBLTNItem.swift */ = {isa = PBXFileReference; lastKnownFileType = sourcecode.swift; path = YearPickerBLTNItem.swift; sourceTree = "<group>"; };
		C4C1A0CE21663C64001CDEF8 /* FeedbackPageBLTNItem.swift */ = {isa = PBXFileReference; lastKnownFileType = sourcecode.swift; path = FeedbackPageBLTNItem.swift; sourceTree = "<group>"; };
		C4C1A0D021663CCF001CDEF8 /* SelectionFeedbackGenerator.swift */ = {isa = PBXFileReference; lastKnownFileType = sourcecode.swift; path = SelectionFeedbackGenerator.swift; sourceTree = "<group>"; };
		C4C1A103216660E0001CDEF8 /* CalendarView.swift */ = {isa = PBXFileReference; lastKnownFileType = sourcecode.swift; path = CalendarView.swift; sourceTree = "<group>"; };
		C4C1A1052167D690001CDEF8 /* Environment.swift */ = {isa = PBXFileReference; lastKnownFileType = sourcecode.swift; path = Environment.swift; sourceTree = "<group>"; };
		C4C1A108216A248B001CDEF8 /* FontsizeCell.swift */ = {isa = PBXFileReference; lastKnownFileType = sourcecode.swift; path = FontsizeCell.swift; sourceTree = "<group>"; };
		F9377C889190DEBD9E0845B8 /* Pods-CalendarlyTests.release.xcconfig */ = {isa = PBXFileReference; includeInIndex = 1; lastKnownFileType = text.xcconfig; name = "Pods-CalendarlyTests.release.xcconfig"; path = "Pods/Target Support Files/Pods-CalendarlyTests/Pods-CalendarlyTests.release.xcconfig"; sourceTree = "<group>"; };
/* End PBXFileReference section */

/* Begin PBXFrameworksBuildPhase section */
		C4C086B0214E4BA80019F6B8 /* Frameworks */ = {
			isa = PBXFrameworksBuildPhase;
			buildActionMask = 2147483647;
			files = (
				28DB19478B798FAEA3C909E3 /* Pods_Calendarly.framework in Frameworks */,
			);
			runOnlyForDeploymentPostprocessing = 0;
		};
		C4C086C7214E4BAA0019F6B8 /* Frameworks */ = {
			isa = PBXFrameworksBuildPhase;
			buildActionMask = 2147483647;
			files = (
				D640355E63040C9F61517B22 /* Pods_CalendarlyTests.framework in Frameworks */,
			);
			runOnlyForDeploymentPostprocessing = 0;
		};
/* End PBXFrameworksBuildPhase section */

/* Begin PBXGroup section */
		3A3F5D5EB3005A2901E32952 /* Pods */ = {
			isa = PBXGroup;
			children = (
				BB17E428FBD9C71CFD97C1AC /* Pods-Calendarly.debug.xcconfig */,
				1E9516F3A79DC2B9D8BFC1F2 /* Pods-Calendarly.release.xcconfig */,
				B57D777F6C029A312EE2BDB9 /* Pods-CalendarlyTests.debug.xcconfig */,
				F9377C889190DEBD9E0845B8 /* Pods-CalendarlyTests.release.xcconfig */,
			);
			name = Pods;
			sourceTree = "<group>";
		};
		B262AC425CE29E708F8EA249 /* Frameworks */ = {
			isa = PBXGroup;
			children = (
				15FADF50770BD4D9A30DF8BF /* Pods_Calendarly.framework */,
				5F029D770CDD661AF8A7DC57 /* Pods_CalendarlyTests.framework */,
			);
			name = Frameworks;
			sourceTree = "<group>";
		};
		C41A90DA2165F79B00352940 /* CreateOrEdit */ = {
			isa = PBXGroup;
			children = (
				C4C1A107216A2457001CDEF8 /* Cells */,
				C4C086B8214E4BA80019F6B8 /* DesignViewController.swift */,
				C4C086F121527D610019F6B8 /* CalendarStylerViewController.swift */,
			);
			path = CreateOrEdit;
			sourceTree = "<group>";
		};
		C41B15FA218D9220001C3E1E /* Cake */ = {
			isa = PBXGroup;
			children = (
				C445EFB42188FE5F00851939 /* CakeView.swift */,
				C455CB74218A434B005B2C26 /* CakeView.caar */,
				C445EFED218A251100851939 /* CakeViewBLTNItem.swift */,
			);
			path = Cake;
			sourceTree = "<group>";
		};
		C41B15FB218D9236001C3E1E /* Champage */ = {
			isa = PBXGroup;
			children = (
				C41B15FC218D9263001C3E1E /* ChampagneView.swift */,
				C41B15F8218D9212001C3E1E /* ChampagneView.caar */,
				C41B15FE218D92AB001C3E1E /* ChampagneViewBLTNItem.swift */,
			);
			path = Champage;
			sourceTree = "<group>";
		};
		C41B1600218EED58001C3E1E /* Fonts */ = {
			isa = PBXGroup;
			children = (
				C41B1618218EF677001C3E1E /* Montserrat-Black.ttf */,
				C41B1614218EF676001C3E1E /* Montserrat-BlackItalic.ttf */,
				C41B1620218EF678001C3E1E /* Montserrat-Bold.ttf */,
				C41B1610218EF676001C3E1E /* Montserrat-BoldItalic.ttf */,
				C41B1619218EF677001C3E1E /* Montserrat-ExtraBold.ttf */,
				C41B161D218EF677001C3E1E /* Montserrat-ExtraBoldItalic.ttf */,
				C41B160D218EF675001C3E1E /* Montserrat-ExtraLight.ttf */,
				C41B161E218EF677001C3E1E /* Montserrat-ExtraLightItalic.ttf */,
				C41B1621218EF678001C3E1E /* Montserrat-Italic.ttf */,
				C41B1617218EF676001C3E1E /* Montserrat-Light.ttf */,
				C41B1622218EF678001C3E1E /* Montserrat-LightItalic.ttf */,
				C41B161F218EF677001C3E1E /* Montserrat-Medium.ttf */,
				C41B1615218EF676001C3E1E /* Montserrat-MediumItalic.ttf */,
				C41B160E218EF676001C3E1E /* Montserrat-Regular.ttf */,
				C41B1612218EF676001C3E1E /* Montserrat-SemiBold.ttf */,
				C41B1611218EF676001C3E1E /* Montserrat-SemiBoldItalic.ttf */,
				C41B1613218EF676001C3E1E /* Montserrat-Thin.ttf */,
				C41B1616218EF676001C3E1E /* Montserrat-ThinItalic.ttf */,
				C41B160F218EF676001C3E1E /* Oswald-Bold.ttf */,
				C41B161A218EF677001C3E1E /* Oswald-ExtraLight.ttf */,
				C41B1623218EF678001C3E1E /* Oswald-Light.ttf */,
				C41B161C218EF677001C3E1E /* Oswald-Medium.ttf */,
				C41B1624218EF678001C3E1E /* Oswald-Regular.ttf */,
				C41B161B218EF677001C3E1E /* Oswald-SemiBold.ttf */,
			);
			path = Fonts;
			sourceTree = "<group>";
		};
		C445EF812179C34300851939 /* Designs */ = {
			isa = PBXGroup;
			children = (
				C41A90DA2165F79B00352940 /* CreateOrEdit */,
				C4C086F321529DF80019F6B8 /* Pickers */,
				C46B63CD215CBBEB009EB4C4 /* DesignsViewController.swift */,
				C46B63D3215D00EC009EB4C4 /* DesignsCollectionView.swift */,
			);
			path = Designs;
			sourceTree = "<group>";
		};
		C445EF822179C35700851939 /* Birthdays */ = {
			isa = PBXGroup;
			children = (
				C445EF9B217B41AC00851939 /* Cells */,
				C445EF98217B412A00851939 /* Lists */,
				C445EF95217B40EF00851939 /* Model */,
				C445EF832179C3D300851939 /* BirthdaysViewController.swift */,
				C445EF9E217B656900851939 /* BirthdaysPageViewController.swift */,
			);
			path = Birthdays;
			sourceTree = "<group>";
		};
		C445EF8D217AF91F00851939 /* UI */ = {
			isa = PBXGroup;
			children = (
				C445EF8E217AF92900851939 /* FetchedResultController.swift */,
			);
			path = UI;
			sourceTree = "<group>";
		};
		C445EF95217B40EF00851939 /* Model */ = {
			isa = PBXGroup;
			children = (
				C445EF96217B40F800851939 /* ContactModel.swift */,
			);
			path = Model;
			sourceTree = "<group>";
		};
		C445EF98217B412A00851939 /* Lists */ = {
			isa = PBXGroup;
			children = (
				C445EF99217B413C00851939 /* BirthdayListViewController.swift */,
				C445EF89217A21A400851939 /* ContactListViewController.swift */,
			);
			path = Lists;
			sourceTree = "<group>";
		};
		C445EF9B217B41AC00851939 /* Cells */ = {
			isa = PBXGroup;
			children = (
				C445EFA0217B844B00851939 /* Views */,
				C445EF8B217A410C00851939 /* ContactCell.swift */,
				C445EF9C217B41D700851939 /* BirthdayCell.swift */,
			);
			path = Cells;
			sourceTree = "<group>";
		};
		C445EFA0217B844B00851939 /* Views */ = {
			isa = PBXGroup;
			children = (
				C445EFA5217DB8C500851939 /* ContactButton.swift */,
				C445EFA1217B846900851939 /* ProfileImageView.swift */,
			);
			path = Views;
			sourceTree = "<group>";
		};
		C445EFB32188692A00851939 /* Events */ = {
			isa = PBXGroup;
			children = (
				C445EFB12188691D00851939 /* EventsViewController.swift */,
				C41B1641219052CF001C3E1E /* EventCell.swift */,
			);
			path = Events;
			sourceTree = "<group>";
		};
		C4A53B3621638AA100EE16FA /* CoreData */ = {
			isa = PBXGroup;
			children = (
				C445EF8D217AF91F00851939 /* UI */,
				C4A53B3F2163E46600EE16FA /* Design+Extension.swift */,
			);
			path = CoreData;
			sourceTree = "<group>";
		};
		C4C086AA214E4BA80019F6B8 = {
			isa = PBXGroup;
			children = (
				C4C086B5214E4BA80019F6B8 /* Calendarly */,
				C4C086CD214E4BAA0019F6B8 /* CalendarlyTests */,
				C4C086B4214E4BA80019F6B8 /* Products */,
				3A3F5D5EB3005A2901E32952 /* Pods */,
				B262AC425CE29E708F8EA249 /* Frameworks */,
			);
			sourceTree = "<group>";
		};
		C4C086B4214E4BA80019F6B8 /* Products */ = {
			isa = PBXGroup;
			children = (
				C4C086B3214E4BA80019F6B8 /* Calendarly.app */,
				C4C086CA214E4BAA0019F6B8 /* CalendarlyTests.xctest */,
			);
			name = Products;
			sourceTree = "<group>";
		};
		C4C086B5214E4BA80019F6B8 /* Calendarly */ = {
			isa = PBXGroup;
			children = (
				C41B1600218EED58001C3E1E /* Fonts */,
				C4C1A0C921663BFF001CDEF8 /* BulletinBoard */,
				C4A53B3621638AA100EE16FA /* CoreData */,
				C4C086EE21527B980019F6B8 /* ViewControllers */,
				C4C086E2215227760019F6B8 /* Model */,
				C4C086DD215226B80019F6B8 /* Extensions */,
				C4C086B6214E4BA80019F6B8 /* AppDelegate.swift */,
				C46B63CB215BDBED009EB4C4 /* StartViewController.swift */,
				C4C086C0214E4BAA0019F6B8 /* Assets.xcassets */,
				C4C086C2214E4BAA0019F6B8 /* LaunchScreen.storyboard */,
				C4C086C5214E4BAA0019F6B8 /* Info.plist */,
				C4C086BD214E4BA80019F6B8 /* Calendarly.xcdatamodeld */,
				C4C1A1052167D690001CDEF8 /* Environment.swift */,
			);
			path = Calendarly;
			sourceTree = "<group>";
		};
		C4C086CD214E4BAA0019F6B8 /* CalendarlyTests */ = {
			isa = PBXGroup;
			children = (
				C4C086CE214E4BAA0019F6B8 /* CalendarlyTests.swift */,
				C4C086D0214E4BAA0019F6B8 /* Info.plist */,
			);
			path = CalendarlyTests;
			sourceTree = "<group>";
		};
		C4C086DD215226B80019F6B8 /* Extensions */ = {
			isa = PBXGroup;
			children = (
				C4C086DE215226CA0019F6B8 /* Calendar+Extension.swift */,
				C4C086E02152273D0019F6B8 /* String+Extension.swift */,
				C4C086EC215229B80019F6B8 /* CGSize+PaperSizes.swift */,
				C4C086FA215A1D330019F6B8 /* Locale+Extension.swift */,
				C4C086FC215A21680019F6B8 /* UIColor+Extension.swift */,
				C46B63CF215CF928009EB4C4 /* UIView+Extension.swift */,
				C41A90D821648DF100352940 /* NSManagedObjectContext+Extension.swift */,
				C445EF93217B1D8E00851939 /* CAAnimation+Extension.swift */,
			);
			path = Extensions;
			sourceTree = "<group>";
		};
		C4C086E2215227760019F6B8 /* Model */ = {
			isa = PBXGroup;
			children = (
				C445EFAB2184D8DA00851939 /* Contact+Extension.swift */,
				C445EFA72183054400851939 /* Birthday+Extension.swift */,
				C41B163D218F6B06001C3E1E /* Event+Extension.swift */,
				C445EFA9218305A600851939 /* CalendarEvent.swift */,
				C445EF7F21799E5000851939 /* CalendarCollectionViewCell.swift */,
				C4C1A103216660E0001CDEF8 /* CalendarView.swift */,
			);
			path = Model;
			sourceTree = "<group>";
		};
		C4C086EE21527B980019F6B8 /* ViewControllers */ = {
			isa = PBXGroup;
			children = (
				C445EF87217A091100851939 /* PageViewControllerChild.swift */,
				C445EFB32188692A00851939 /* Events */,
				C445EF822179C35700851939 /* Birthdays */,
				C445EF812179C34300851939 /* Designs */,
			);
			path = ViewControllers;
			sourceTree = "<group>";
		};
		C4C086F321529DF80019F6B8 /* Pickers */ = {
			isa = PBXGroup;
			children = (
				C46B63C9215BAF50009EB4C4 /* FontPickerViewController.swift */,
				C445EF772178766E00851939 /* HeaderStylePickerViewController.swift */,
				C4C086F421529E0C0019F6B8 /* LocalePickerViewController.swift */,
				C445EF792178779F00851939 /* ColorPickerViewController.swift */,
			);
			path = Pickers;
			sourceTree = "<group>";
		};
		C4C1A0C921663BFF001CDEF8 /* BulletinBoard */ = {
			isa = PBXGroup;
			children = (
				C41B15FB218D9236001C3E1E /* Champage */,
				C41B15FA218D9220001C3E1E /* Cake */,
				C4C1A0CE21663C64001CDEF8 /* FeedbackPageBLTNItem.swift */,
				C4C1A0D021663CCF001CDEF8 /* SelectionFeedbackGenerator.swift */,
				C4C1A0CA21663C13001CDEF8 /* TextFieldBulletinPage.swift */,
				C4C1A0CC21663C23001CDEF8 /* YearPickerBLTNItem.swift */,
				C445EFAF21871EFE00851939 /* DatePickerBLTItem.swift */,
				C41B163F218F89D9001C3E1E /* OccuranceSelectorBulletinPage.swift */,
			);
			path = BulletinBoard;
			sourceTree = "<group>";
		};
		C4C1A107216A2457001CDEF8 /* Cells */ = {
			isa = PBXGroup;
			children = (
				C4C1A108216A248B001CDEF8 /* FontsizeCell.swift */,
			);
			path = Cells;
			sourceTree = "<group>";
		};
/* End PBXGroup section */

/* Begin PBXNativeTarget section */
		C4C086B2214E4BA80019F6B8 /* Calendarly */ = {
			isa = PBXNativeTarget;
			buildConfigurationList = C4C086D3214E4BAA0019F6B8 /* Build configuration list for PBXNativeTarget "Calendarly" */;
			buildPhases = (
				6A64B09F6A279FED41B45565 /* [CP] Check Pods Manifest.lock */,
				C4C086AF214E4BA80019F6B8 /* Sources */,
				C4C086B0214E4BA80019F6B8 /* Frameworks */,
				C4C086B1214E4BA80019F6B8 /* Resources */,
				2D6DCF558FB4F94460CD0073 /* [CP] Embed Pods Frameworks */,
			);
			buildRules = (
			);
			dependencies = (
			);
			name = Calendarly;
			productName = Calendarly;
			productReference = C4C086B3214E4BA80019F6B8 /* Calendarly.app */;
			productType = "com.apple.product-type.application";
		};
		C4C086C9214E4BAA0019F6B8 /* CalendarlyTests */ = {
			isa = PBXNativeTarget;
			buildConfigurationList = C4C086D6214E4BAA0019F6B8 /* Build configuration list for PBXNativeTarget "CalendarlyTests" */;
			buildPhases = (
				0A6B3AE5E6B45F3139E297E5 /* [CP] Check Pods Manifest.lock */,
				C4C086C6214E4BAA0019F6B8 /* Sources */,
				C4C086C7214E4BAA0019F6B8 /* Frameworks */,
				C4C086C8214E4BAA0019F6B8 /* Resources */,
			);
			buildRules = (
			);
			dependencies = (
				C4C086CC214E4BAA0019F6B8 /* PBXTargetDependency */,
			);
			name = CalendarlyTests;
			productName = CalendarlyTests;
			productReference = C4C086CA214E4BAA0019F6B8 /* CalendarlyTests.xctest */;
			productType = "com.apple.product-type.bundle.unit-test";
		};
/* End PBXNativeTarget section */

/* Begin PBXProject section */
		C4C086AB214E4BA80019F6B8 /* Project object */ = {
			isa = PBXProject;
			attributes = {
				LastSwiftUpdateCheck = 0930;
				LastUpgradeCheck = 0930;
				ORGANIZATIONNAME = "David Everlöf";
				TargetAttributes = {
					C4C086B2214E4BA80019F6B8 = {
						CreatedOnToolsVersion = 9.3;
						LastSwiftMigration = 1000;
					};
					C4C086C9214E4BAA0019F6B8 = {
						CreatedOnToolsVersion = 9.3;
						LastSwiftMigration = 1000;
						TestTargetID = C4C086B2214E4BA80019F6B8;
					};
				};
			};
			buildConfigurationList = C4C086AE214E4BA80019F6B8 /* Build configuration list for PBXProject "Calendarly" */;
			compatibilityVersion = "Xcode 9.3";
			developmentRegion = en;
			hasScannedForEncodings = 0;
			knownRegions = (
				en,
				Base,
			);
			mainGroup = C4C086AA214E4BA80019F6B8;
			productRefGroup = C4C086B4214E4BA80019F6B8 /* Products */;
			projectDirPath = "";
			projectRoot = "";
			targets = (
				C4C086B2214E4BA80019F6B8 /* Calendarly */,
				C4C086C9214E4BAA0019F6B8 /* CalendarlyTests */,
			);
		};
/* End PBXProject section */

/* Begin PBXResourcesBuildPhase section */
		C4C086B1214E4BA80019F6B8 /* Resources */ = {
			isa = PBXResourcesBuildPhase;
			buildActionMask = 2147483647;
			files = (
				C41B1632218EF693001C3E1E /* Montserrat-Regular.ttf in Resources */,
				C41B162E218EF693001C3E1E /* Montserrat-Light.ttf in Resources */,
				C41B1628218EF693001C3E1E /* Montserrat-BoldItalic.ttf in Resources */,
				C41B15F9218D9212001C3E1E /* ChampagneView.caar in Resources */,
				C41B1625218EF693001C3E1E /* Montserrat-Black.ttf in Resources */,
				C4C086C4214E4BAA0019F6B8 /* LaunchScreen.storyboard in Resources */,
				C41B1626218EF693001C3E1E /* Montserrat-BlackItalic.ttf in Resources */,
				C41B162C218EF693001C3E1E /* Montserrat-ExtraLightItalic.ttf in Resources */,
				C4C086C1214E4BAA0019F6B8 /* Assets.xcassets in Resources */,
				C41B162F218EF693001C3E1E /* Montserrat-LightItalic.ttf in Resources */,
				C41B163B218EF694001C3E1E /* Oswald-Regular.ttf in Resources */,
				C41B1633218EF693001C3E1E /* Montserrat-SemiBold.ttf in Resources */,
				C41B163A218EF694001C3E1E /* Oswald-Medium.ttf in Resources */,
				C41B163C218EF694001C3E1E /* Oswald-SemiBold.ttf in Resources */,
				C41B1639218EF694001C3E1E /* Oswald-Light.ttf in Resources */,
				C41B1631218EF693001C3E1E /* Montserrat-MediumItalic.ttf in Resources */,
				C41B162B218EF693001C3E1E /* Montserrat-ExtraLight.ttf in Resources */,
				C41B1635218EF693001C3E1E /* Montserrat-Thin.ttf in Resources */,
				C455CB75218A434B005B2C26 /* CakeView.caar in Resources */,
				C41B162A218EF693001C3E1E /* Montserrat-ExtraBoldItalic.ttf in Resources */,
				C41B1637218EF693001C3E1E /* Oswald-Bold.ttf in Resources */,
				C41B1636218EF693001C3E1E /* Montserrat-ThinItalic.ttf in Resources */,
				C41B1629218EF693001C3E1E /* Montserrat-ExtraBold.ttf in Resources */,
				C41B162D218EF693001C3E1E /* Montserrat-Italic.ttf in Resources */,
				C41B1638218EF693001C3E1E /* Oswald-ExtraLight.ttf in Resources */,
				C41B1630218EF693001C3E1E /* Montserrat-Medium.ttf in Resources */,
				C41B1634218EF693001C3E1E /* Montserrat-SemiBoldItalic.ttf in Resources */,
				C41B1627218EF693001C3E1E /* Montserrat-Bold.ttf in Resources */,
			);
			runOnlyForDeploymentPostprocessing = 0;
		};
		C4C086C8214E4BAA0019F6B8 /* Resources */ = {
			isa = PBXResourcesBuildPhase;
			buildActionMask = 2147483647;
			files = (
			);
			runOnlyForDeploymentPostprocessing = 0;
		};
/* End PBXResourcesBuildPhase section */

/* Begin PBXShellScriptBuildPhase section */
		0A6B3AE5E6B45F3139E297E5 /* [CP] Check Pods Manifest.lock */ = {
			isa = PBXShellScriptBuildPhase;
			buildActionMask = 2147483647;
			files = (
			);
			inputPaths = (
				"${PODS_PODFILE_DIR_PATH}/Podfile.lock",
				"${PODS_ROOT}/Manifest.lock",
			);
			name = "[CP] Check Pods Manifest.lock";
			outputPaths = (
				"$(DERIVED_FILE_DIR)/Pods-CalendarlyTests-checkManifestLockResult.txt",
			);
			runOnlyForDeploymentPostprocessing = 0;
			shellPath = /bin/sh;
			shellScript = "diff \"${PODS_PODFILE_DIR_PATH}/Podfile.lock\" \"${PODS_ROOT}/Manifest.lock\" > /dev/null\nif [ $? != 0 ] ; then\n    # print error to STDERR\n    echo \"error: The sandbox is not in sync with the Podfile.lock. Run 'pod install' or update your CocoaPods installation.\" >&2\n    exit 1\nfi\n# This output is used by Xcode 'outputs' to avoid re-running this script phase.\necho \"SUCCESS\" > \"${SCRIPT_OUTPUT_FILE_0}\"\n";
			showEnvVarsInLog = 0;
		};
		2D6DCF558FB4F94460CD0073 /* [CP] Embed Pods Frameworks */ = {
			isa = PBXShellScriptBuildPhase;
			buildActionMask = 2147483647;
			files = (
			);
			inputPaths = (
				"${SRCROOT}/Pods/Target Support Files/Pods-Calendarly/Pods-Calendarly-frameworks.sh",
				"${BUILT_PRODUCTS_DIR}/BulletinBoard/BLTNBoard.framework",
				"${BUILT_PRODUCTS_DIR}/DZNEmptyDataSet/DZNEmptyDataSet.framework",
				"${BUILT_PRODUCTS_DIR}/GBDeviceInfo/GBDeviceInfo.framework",
				"${BUILT_PRODUCTS_DIR}/MBProgressHUD/MBProgressHUD.framework",
				"${BUILT_PRODUCTS_DIR}/PickColor/PickColor.framework",
			);
			name = "[CP] Embed Pods Frameworks";
			outputPaths = (
				"${TARGET_BUILD_DIR}/${FRAMEWORKS_FOLDER_PATH}/BLTNBoard.framework",
				"${TARGET_BUILD_DIR}/${FRAMEWORKS_FOLDER_PATH}/DZNEmptyDataSet.framework",
				"${TARGET_BUILD_DIR}/${FRAMEWORKS_FOLDER_PATH}/GBDeviceInfo.framework",
				"${TARGET_BUILD_DIR}/${FRAMEWORKS_FOLDER_PATH}/MBProgressHUD.framework",
				"${TARGET_BUILD_DIR}/${FRAMEWORKS_FOLDER_PATH}/PickColor.framework",
			);
			runOnlyForDeploymentPostprocessing = 0;
			shellPath = /bin/sh;
			shellScript = "\"${SRCROOT}/Pods/Target Support Files/Pods-Calendarly/Pods-Calendarly-frameworks.sh\"\n";
			showEnvVarsInLog = 0;
		};
		6A64B09F6A279FED41B45565 /* [CP] Check Pods Manifest.lock */ = {
			isa = PBXShellScriptBuildPhase;
			buildActionMask = 2147483647;
			files = (
			);
			inputPaths = (
				"${PODS_PODFILE_DIR_PATH}/Podfile.lock",
				"${PODS_ROOT}/Manifest.lock",
			);
			name = "[CP] Check Pods Manifest.lock";
			outputPaths = (
				"$(DERIVED_FILE_DIR)/Pods-Calendarly-checkManifestLockResult.txt",
			);
			runOnlyForDeploymentPostprocessing = 0;
			shellPath = /bin/sh;
			shellScript = "diff \"${PODS_PODFILE_DIR_PATH}/Podfile.lock\" \"${PODS_ROOT}/Manifest.lock\" > /dev/null\nif [ $? != 0 ] ; then\n    # print error to STDERR\n    echo \"error: The sandbox is not in sync with the Podfile.lock. Run 'pod install' or update your CocoaPods installation.\" >&2\n    exit 1\nfi\n# This output is used by Xcode 'outputs' to avoid re-running this script phase.\necho \"SUCCESS\" > \"${SCRIPT_OUTPUT_FILE_0}\"\n";
			showEnvVarsInLog = 0;
		};
/* End PBXShellScriptBuildPhase section */

/* Begin PBXSourcesBuildPhase section */
		C4C086AF214E4BA80019F6B8 /* Sources */ = {
			isa = PBXSourcesBuildPhase;
			buildActionMask = 2147483647;
			files = (
				C445EF8A217A21A400851939 /* ContactListViewController.swift in Sources */,
				C445EF8021799E5000851939 /* CalendarCollectionViewCell.swift in Sources */,
				C445EFB52188FE5F00851939 /* CakeView.swift in Sources */,
				C41B1640218F89D9001C3E1E /* OccuranceSelectorBulletinPage.swift in Sources */,
				C445EF97217B40F800851939 /* ContactModel.swift in Sources */,
				C4C086B9214E4BA80019F6B8 /* DesignViewController.swift in Sources */,
				C4C086DF215226CA0019F6B8 /* Calendar+Extension.swift in Sources */,
				C4C1A0CF21663C64001CDEF8 /* FeedbackPageBLTNItem.swift in Sources */,
				C445EF9D217B41D700851939 /* BirthdayCell.swift in Sources */,
				C445EF9A217B413C00851939 /* BirthdayListViewController.swift in Sources */,
				C4C086F221527D610019F6B8 /* CalendarStylerViewController.swift in Sources */,
				C445EF8C217A410C00851939 /* ContactCell.swift in Sources */,
				C445EF9F217B656900851939 /* BirthdaysPageViewController.swift in Sources */,
				C41B163E218F6B06001C3E1E /* Event+Extension.swift in Sources */,
				C46B63CA215BAF50009EB4C4 /* FontPickerViewController.swift in Sources */,
				C41B15FD218D9263001C3E1E /* ChampagneView.swift in Sources */,
				C445EF8F217AF92900851939 /* FetchedResultController.swift in Sources */,
				C46B63CC215BDBED009EB4C4 /* StartViewController.swift in Sources */,
				C445EFEE218A251100851939 /* CakeViewBLTNItem.swift in Sources */,
				C4C1A104216660E0001CDEF8 /* CalendarView.swift in Sources */,
				C445EFAA218305A600851939 /* CalendarEvent.swift in Sources */,
				C41B15FF218D92AB001C3E1E /* ChampagneViewBLTNItem.swift in Sources */,
				C41B1642219052CF001C3E1E /* EventCell.swift in Sources */,
				C445EF88217A091100851939 /* PageViewControllerChild.swift in Sources */,
				C4C086F521529E0C0019F6B8 /* LocalePickerViewController.swift in Sources */,
				C46B63CE215CBBEB009EB4C4 /* DesignsViewController.swift in Sources */,
				C445EF782178766E00851939 /* HeaderStylePickerViewController.swift in Sources */,
				C445EFAC2184D8DA00851939 /* Contact+Extension.swift in Sources */,
				C46B63D4215D00EC009EB4C4 /* DesignsCollectionView.swift in Sources */,
				C445EF7A2178779F00851939 /* ColorPickerViewController.swift in Sources */,
				C445EFB021871EFE00851939 /* DatePickerBLTItem.swift in Sources */,
				C4C086FD215A21680019F6B8 /* UIColor+Extension.swift in Sources */,
				C4C1A0CB21663C13001CDEF8 /* TextFieldBulletinPage.swift in Sources */,
				C4C1A0D121663CCF001CDEF8 /* SelectionFeedbackGenerator.swift in Sources */,
				C445EF842179C3D300851939 /* BirthdaysViewController.swift in Sources */,
				C445EFA6217DB8C500851939 /* ContactButton.swift in Sources */,
				C4C086FB215A1D330019F6B8 /* Locale+Extension.swift in Sources */,
				C445EF94217B1D8E00851939 /* CAAnimation+Extension.swift in Sources */,
				C4C086B7214E4BA80019F6B8 /* AppDelegate.swift in Sources */,
				C4C1A1062167D690001CDEF8 /* Environment.swift in Sources */,
				C4C086ED215229B80019F6B8 /* CGSize+PaperSizes.swift in Sources */,
				C445EFA2217B846900851939 /* ProfileImageView.swift in Sources */,
				C4C086E12152273D0019F6B8 /* String+Extension.swift in Sources */,
				C41A90D921648DF100352940 /* NSManagedObjectContext+Extension.swift in Sources */,
				C4C1A0CD21663C23001CDEF8 /* YearPickerBLTNItem.swift in Sources */,
				C445EFB22188691D00851939 /* EventsViewController.swift in Sources */,
				C46B63D0215CF928009EB4C4 /* UIView+Extension.swift in Sources */,
				C4C086BF214E4BA80019F6B8 /* Calendarly.xcdatamodeld in Sources */,
				C4A53B402163E46600EE16FA /* Design+Extension.swift in Sources */,
				C445EFA82183054400851939 /* Birthday+Extension.swift in Sources */,
				C4C1A109216A248B001CDEF8 /* FontsizeCell.swift in Sources */,
			);
			runOnlyForDeploymentPostprocessing = 0;
		};
		C4C086C6214E4BAA0019F6B8 /* Sources */ = {
			isa = PBXSourcesBuildPhase;
			buildActionMask = 2147483647;
			files = (
				C4C086CF214E4BAA0019F6B8 /* CalendarlyTests.swift in Sources */,
			);
			runOnlyForDeploymentPostprocessing = 0;
		};
/* End PBXSourcesBuildPhase section */

/* Begin PBXTargetDependency section */
		C4C086CC214E4BAA0019F6B8 /* PBXTargetDependency */ = {
			isa = PBXTargetDependency;
			target = C4C086B2214E4BA80019F6B8 /* Calendarly */;
			targetProxy = C4C086CB214E4BAA0019F6B8 /* PBXContainerItemProxy */;
		};
/* End PBXTargetDependency section */

/* Begin PBXVariantGroup section */
		C4C086C2214E4BAA0019F6B8 /* LaunchScreen.storyboard */ = {
			isa = PBXVariantGroup;
			children = (
				C4C086C3214E4BAA0019F6B8 /* Base */,
			);
			name = LaunchScreen.storyboard;
			sourceTree = "<group>";
		};
/* End PBXVariantGroup section */

/* Begin XCBuildConfiguration section */
		C4C086D1214E4BAA0019F6B8 /* Debug */ = {
			isa = XCBuildConfiguration;
			buildSettings = {
				ALWAYS_SEARCH_USER_PATHS = NO;
				CLANG_ANALYZER_NONNULL = YES;
				CLANG_ANALYZER_NUMBER_OBJECT_CONVERSION = YES_AGGRESSIVE;
				CLANG_CXX_LANGUAGE_STANDARD = "gnu++14";
				CLANG_CXX_LIBRARY = "libc++";
				CLANG_ENABLE_MODULES = YES;
				CLANG_ENABLE_OBJC_ARC = YES;
				CLANG_ENABLE_OBJC_WEAK = YES;
				CLANG_WARN_BLOCK_CAPTURE_AUTORELEASING = YES;
				CLANG_WARN_BOOL_CONVERSION = YES;
				CLANG_WARN_COMMA = YES;
				CLANG_WARN_CONSTANT_CONVERSION = YES;
				CLANG_WARN_DEPRECATED_OBJC_IMPLEMENTATIONS = YES;
				CLANG_WARN_DIRECT_OBJC_ISA_USAGE = YES_ERROR;
				CLANG_WARN_DOCUMENTATION_COMMENTS = YES;
				CLANG_WARN_EMPTY_BODY = YES;
				CLANG_WARN_ENUM_CONVERSION = YES;
				CLANG_WARN_INFINITE_RECURSION = YES;
				CLANG_WARN_INT_CONVERSION = YES;
				CLANG_WARN_NON_LITERAL_NULL_CONVERSION = YES;
				CLANG_WARN_OBJC_IMPLICIT_RETAIN_SELF = YES;
				CLANG_WARN_OBJC_LITERAL_CONVERSION = YES;
				CLANG_WARN_OBJC_ROOT_CLASS = YES_ERROR;
				CLANG_WARN_RANGE_LOOP_ANALYSIS = YES;
				CLANG_WARN_STRICT_PROTOTYPES = YES;
				CLANG_WARN_SUSPICIOUS_MOVE = YES;
				CLANG_WARN_UNGUARDED_AVAILABILITY = YES_AGGRESSIVE;
				CLANG_WARN_UNREACHABLE_CODE = YES;
				CLANG_WARN__DUPLICATE_METHOD_MATCH = YES;
				CODE_SIGN_IDENTITY = "iPhone Developer";
				COPY_PHASE_STRIP = NO;
				DEBUG_INFORMATION_FORMAT = dwarf;
				ENABLE_STRICT_OBJC_MSGSEND = YES;
				ENABLE_TESTABILITY = YES;
				GCC_C_LANGUAGE_STANDARD = gnu11;
				GCC_DYNAMIC_NO_PIC = NO;
				GCC_NO_COMMON_BLOCKS = YES;
				GCC_OPTIMIZATION_LEVEL = 0;
				GCC_PREPROCESSOR_DEFINITIONS = (
					"DEBUG=1",
					"$(inherited)",
				);
				GCC_WARN_64_TO_32_BIT_CONVERSION = YES;
				GCC_WARN_ABOUT_RETURN_TYPE = YES_ERROR;
				GCC_WARN_UNDECLARED_SELECTOR = YES;
				GCC_WARN_UNINITIALIZED_AUTOS = YES_AGGRESSIVE;
				GCC_WARN_UNUSED_FUNCTION = YES;
				GCC_WARN_UNUSED_VARIABLE = YES;
				IPHONEOS_DEPLOYMENT_TARGET = 12.0;
				MTL_ENABLE_DEBUG_INFO = YES;
				ONLY_ACTIVE_ARCH = YES;
				SDKROOT = iphoneos;
				SWIFT_ACTIVE_COMPILATION_CONDITIONS = DEBUG;
				SWIFT_OPTIMIZATION_LEVEL = "-Onone";
			};
			name = Debug;
		};
		C4C086D2214E4BAA0019F6B8 /* Release */ = {
			isa = XCBuildConfiguration;
			buildSettings = {
				ALWAYS_SEARCH_USER_PATHS = NO;
				CLANG_ANALYZER_NONNULL = YES;
				CLANG_ANALYZER_NUMBER_OBJECT_CONVERSION = YES_AGGRESSIVE;
				CLANG_CXX_LANGUAGE_STANDARD = "gnu++14";
				CLANG_CXX_LIBRARY = "libc++";
				CLANG_ENABLE_MODULES = YES;
				CLANG_ENABLE_OBJC_ARC = YES;
				CLANG_ENABLE_OBJC_WEAK = YES;
				CLANG_WARN_BLOCK_CAPTURE_AUTORELEASING = YES;
				CLANG_WARN_BOOL_CONVERSION = YES;
				CLANG_WARN_COMMA = YES;
				CLANG_WARN_CONSTANT_CONVERSION = YES;
				CLANG_WARN_DEPRECATED_OBJC_IMPLEMENTATIONS = YES;
				CLANG_WARN_DIRECT_OBJC_ISA_USAGE = YES_ERROR;
				CLANG_WARN_DOCUMENTATION_COMMENTS = YES;
				CLANG_WARN_EMPTY_BODY = YES;
				CLANG_WARN_ENUM_CONVERSION = YES;
				CLANG_WARN_INFINITE_RECURSION = YES;
				CLANG_WARN_INT_CONVERSION = YES;
				CLANG_WARN_NON_LITERAL_NULL_CONVERSION = YES;
				CLANG_WARN_OBJC_IMPLICIT_RETAIN_SELF = YES;
				CLANG_WARN_OBJC_LITERAL_CONVERSION = YES;
				CLANG_WARN_OBJC_ROOT_CLASS = YES_ERROR;
				CLANG_WARN_RANGE_LOOP_ANALYSIS = YES;
				CLANG_WARN_STRICT_PROTOTYPES = YES;
				CLANG_WARN_SUSPICIOUS_MOVE = YES;
				CLANG_WARN_UNGUARDED_AVAILABILITY = YES_AGGRESSIVE;
				CLANG_WARN_UNREACHABLE_CODE = YES;
				CLANG_WARN__DUPLICATE_METHOD_MATCH = YES;
				CODE_SIGN_IDENTITY = "iPhone Developer";
				COPY_PHASE_STRIP = NO;
				DEBUG_INFORMATION_FORMAT = "dwarf-with-dsym";
				ENABLE_NS_ASSERTIONS = NO;
				ENABLE_STRICT_OBJC_MSGSEND = YES;
				GCC_C_LANGUAGE_STANDARD = gnu11;
				GCC_NO_COMMON_BLOCKS = YES;
				GCC_WARN_64_TO_32_BIT_CONVERSION = YES;
				GCC_WARN_ABOUT_RETURN_TYPE = YES_ERROR;
				GCC_WARN_UNDECLARED_SELECTOR = YES;
				GCC_WARN_UNINITIALIZED_AUTOS = YES_AGGRESSIVE;
				GCC_WARN_UNUSED_FUNCTION = YES;
				GCC_WARN_UNUSED_VARIABLE = YES;
				IPHONEOS_DEPLOYMENT_TARGET = 12.0;
				MTL_ENABLE_DEBUG_INFO = NO;
				SDKROOT = iphoneos;
				SWIFT_COMPILATION_MODE = wholemodule;
				SWIFT_OPTIMIZATION_LEVEL = "-O";
				VALIDATE_PRODUCT = YES;
			};
			name = Release;
		};
		C4C086D4214E4BAA0019F6B8 /* Debug */ = {
			isa = XCBuildConfiguration;
			baseConfigurationReference = BB17E428FBD9C71CFD97C1AC /* Pods-Calendarly.debug.xcconfig */;
			buildSettings = {
				ASSETCATALOG_COMPILER_APPICON_NAME = AppIcon;
				CODE_SIGN_STYLE = Automatic;
				DEVELOPMENT_TEAM = SMQ3E8Y57T;
				INFOPLIST_FILE = Calendarly/Info.plist;
				IPHONEOS_DEPLOYMENT_TARGET = 12.0;
				LD_RUNPATH_SEARCH_PATHS = (
					"$(inherited)",
					"@executable_path/Frameworks",
				);
				PRODUCT_BUNDLE_IDENTIFIER = se.everlof.Calendarly;
				PRODUCT_NAME = "$(TARGET_NAME)";
				SWIFT_VERSION = 4.2;
				TARGETED_DEVICE_FAMILY = "1,2";
			};
			name = Debug;
		};
		C4C086D5214E4BAA0019F6B8 /* Release */ = {
			isa = XCBuildConfiguration;
			baseConfigurationReference = 1E9516F3A79DC2B9D8BFC1F2 /* Pods-Calendarly.release.xcconfig */;
			buildSettings = {
				ASSETCATALOG_COMPILER_APPICON_NAME = AppIcon;
				CODE_SIGN_STYLE = Automatic;
				DEVELOPMENT_TEAM = SMQ3E8Y57T;
				INFOPLIST_FILE = Calendarly/Info.plist;
				IPHONEOS_DEPLOYMENT_TARGET = 12.0;
				LD_RUNPATH_SEARCH_PATHS = (
					"$(inherited)",
					"@executable_path/Frameworks",
				);
				PRODUCT_BUNDLE_IDENTIFIER = se.everlof.Calendarly;
				PRODUCT_NAME = "$(TARGET_NAME)";
				SWIFT_VERSION = 4.2;
				TARGETED_DEVICE_FAMILY = "1,2";
			};
			name = Release;
		};
		C4C086D7214E4BAA0019F6B8 /* Debug */ = {
			isa = XCBuildConfiguration;
			baseConfigurationReference = B57D777F6C029A312EE2BDB9 /* Pods-CalendarlyTests.debug.xcconfig */;
			buildSettings = {
				ALWAYS_EMBED_SWIFT_STANDARD_LIBRARIES = YES;
				BUNDLE_LOADER = "$(TEST_HOST)";
				CODE_SIGN_STYLE = Automatic;
				DEVELOPMENT_TEAM = SMQ3E8Y57T;
				INFOPLIST_FILE = CalendarlyTests/Info.plist;
				IPHONEOS_DEPLOYMENT_TARGET = 12.0;
				LD_RUNPATH_SEARCH_PATHS = (
					"$(inherited)",
					"@executable_path/Frameworks",
					"@loader_path/Frameworks",
				);
				PRODUCT_BUNDLE_IDENTIFIER = se.everlof.CalendarlyTests;
				PRODUCT_NAME = "$(TARGET_NAME)";
				SWIFT_VERSION = 4.2;
				TARGETED_DEVICE_FAMILY = "1,2";
				TEST_HOST = "$(BUILT_PRODUCTS_DIR)/Calendarly.app/Calendarly";
			};
			name = Debug;
		};
		C4C086D8214E4BAA0019F6B8 /* Release */ = {
			isa = XCBuildConfiguration;
			baseConfigurationReference = F9377C889190DEBD9E0845B8 /* Pods-CalendarlyTests.release.xcconfig */;
			buildSettings = {
				ALWAYS_EMBED_SWIFT_STANDARD_LIBRARIES = YES;
				BUNDLE_LOADER = "$(TEST_HOST)";
				CODE_SIGN_STYLE = Automatic;
				DEVELOPMENT_TEAM = SMQ3E8Y57T;
				INFOPLIST_FILE = CalendarlyTests/Info.plist;
				IPHONEOS_DEPLOYMENT_TARGET = 12.0;
				LD_RUNPATH_SEARCH_PATHS = (
					"$(inherited)",
					"@executable_path/Frameworks",
					"@loader_path/Frameworks",
				);
				PRODUCT_BUNDLE_IDENTIFIER = se.everlof.CalendarlyTests;
				PRODUCT_NAME = "$(TARGET_NAME)";
				SWIFT_VERSION = 4.2;
				TARGETED_DEVICE_FAMILY = "1,2";
				TEST_HOST = "$(BUILT_PRODUCTS_DIR)/Calendarly.app/Calendarly";
			};
			name = Release;
		};
/* End XCBuildConfiguration section */

/* Begin XCConfigurationList section */
		C4C086AE214E4BA80019F6B8 /* Build configuration list for PBXProject "Calendarly" */ = {
			isa = XCConfigurationList;
			buildConfigurations = (
				C4C086D1214E4BAA0019F6B8 /* Debug */,
				C4C086D2214E4BAA0019F6B8 /* Release */,
			);
			defaultConfigurationIsVisible = 0;
			defaultConfigurationName = Release;
		};
		C4C086D3214E4BAA0019F6B8 /* Build configuration list for PBXNativeTarget "Calendarly" */ = {
			isa = XCConfigurationList;
			buildConfigurations = (
				C4C086D4214E4BAA0019F6B8 /* Debug */,
				C4C086D5214E4BAA0019F6B8 /* Release */,
			);
			defaultConfigurationIsVisible = 0;
			defaultConfigurationName = Release;
		};
		C4C086D6214E4BAA0019F6B8 /* Build configuration list for PBXNativeTarget "CalendarlyTests" */ = {
			isa = XCConfigurationList;
			buildConfigurations = (
				C4C086D7214E4BAA0019F6B8 /* Debug */,
				C4C086D8214E4BAA0019F6B8 /* Release */,
			);
			defaultConfigurationIsVisible = 0;
			defaultConfigurationName = Release;
		};
/* End XCConfigurationList section */

/* Begin XCVersionGroup section */
		C4C086BD214E4BA80019F6B8 /* Calendarly.xcdatamodeld */ = {
			isa = XCVersionGroup;
			children = (
				C4C086BE214E4BA80019F6B8 /* Calendarly.xcdatamodel */,
			);
			currentVersion = C4C086BE214E4BA80019F6B8 /* Calendarly.xcdatamodel */;
			path = Calendarly.xcdatamodeld;
			sourceTree = "<group>";
			versionGroupType = wrapper.xcdatamodel;
		};
/* End XCVersionGroup section */
	};
	rootObject = C4C086AB214E4BA80019F6B8 /* Project object */;
}
